// !$*UTF8*$!
{
	archiveVersion = 1;
	classes = {
	};
	objectVersion = 110;
	objects = {

/* Begin PBXBuildFile section */
		8AC344633069CF440063CAB6 /* PrivacyDetector.swift in Sources */ = {isa = PBXBuildFile; fileRef = 8AC344623069CF440063CAB6 /* PrivacyDetector.swift */; };
		8AC344653069D0F20063CAB6 /* SensitiveDataDetector.swift in Sources */ = {isa = PBXBuildFile; fileRef = 8AC344643069D0F20063CAB6 /* SensitiveDataDetector.swift */; };
		8AC344673069D3500063CAB6 /* RedactionEngine.swift in Sources */ = {isa = PBXBuildFile; fileRef = 8AC344663069D3500063CAB6 /* RedactionEngine.swift */; };
		8AC344693069D3670063CAB6 /* ExportManager.swift in Sources */ = {isa = PBXBuildFile; fileRef = 8AC344683069D3670063CAB6 /* ExportManager.swift */; };
		8AC3446B3069D5A40063CAB6 /* ManualCanvasView.swift in Sources */ = {isa = PBXBuildFile; fileRef = 8AC3446A3069D5A40063CAB6 /* ManualCanvasView.swift */; };
		8AC3446D3069F2CC0063CAB6 /* ShareExtensionHandler.swift in Sources */ = {isa = PBXBuildFile; fileRef = 8AC3446C3069F2CC0063CAB6 /* ShareExtensionHandler.swift */; };
		8AC3446F3069F93C0063CAB6 /* AppLanguage.swift in Sources */ = {isa = PBXBuildFile; fileRef = 8AC3446E3069F93C0063CAB6 /* AppLanguage.swift */; };
		8AC344713069F9D30063CAB6 /* HighResolutionManager.swift in Sources */ = {isa = PBXBuildFile; fileRef = 8AC344703069F9D30063CAB6 /* HighResolutionManager.swift */; };
		8AC344733069FB5C0063CAB6 /* SecurityAuditManager.swift in Sources */ = {isa = PBXBuildFile; fileRef = 8AC344723069FB5C0063CAB6 /* SecurityAuditManager.swift */; };
		8AC344753069FDA50063CAB6 /* PlatformExtensions.swift in Sources */ = {isa = PBXBuildFile; fileRef = 8AC344743069FDA50063CAB6 /* PlatformExtensions.swift */; };
/* End PBXBuildFile section */

/* Begin PBXFileReference section */
		8A7962183059C073005204C8 /* MyPlayground.playground */ = {isa = PBXFileReference; lastKnownFileType = file.playground; path = MyPlayground.playground; sourceTree = "<group>"; xcLanguageSpecificationIdentifier = xcode.lang.swift; };
		8AB397E0305871E30073FD23 /* PrivaLock.app */ = {isa = PBXFileReference; explicitFileType = wrapper.application; includeInIndex = 0; path = PrivaLock.app; sourceTree = BUILT_PRODUCTS_DIR; };
		8AC344623069CF440063CAB6 /* PrivacyDetector.swift */ = {isa = PBXFileReference; lastKnownFileType = sourcecode.swift; path = PrivacyDetector.swift; sourceTree = "<group>"; };
		8AC344643069D0F20063CAB6 /* SensitiveDataDetector.swift */ = {isa = PBXFileReference; lastKnownFileType = sourcecode.swift; path = SensitiveDataDetector.swift; sourceTree = "<group>"; };
		8AC344663069D3500063CAB6 /* RedactionEngine.swift */ = {isa = PBXFileReference; lastKnownFileType = sourcecode.swift; path = RedactionEngine.swift; sourceTree = "<group>"; };
		8AC344683069D3670063CAB6 /* ExportManager.swift */ = {isa = PBXFileReference; lastKnownFileType = sourcecode.swift; path = ExportManager.swift; sourceTree = "<group>"; };
		8AC3446A3069D5A40063CAB6 /* ManualCanvasView.swift */ = {isa = PBXFileReference; lastKnownFileType = sourcecode.swift; path = ManualCanvasView.swift; sourceTree = "<group>"; };
		8AC3446C3069F2CC0063CAB6 /* ShareExtensionHandler.swift */ = {isa = PBXFileReference; lastKnownFileType = sourcecode.swift; path = ShareExtensionHandler.swift; sourceTree = "<group>"; };
		8AC3446E3069F93C0063CAB6 /* AppLanguage.swift */ = {isa = PBXFileReference; lastKnownFileType = sourcecode.swift; path = AppLanguage.swift; sourceTree = "<group>"; };
		8AC344703069F9D30063CAB6 /* HighResolutionManager.swift */ = {isa = PBXFileReference; lastKnownFileType = sourcecode.swift; path = HighResolutionManager.swift; sourceTree = "<group>"; };
		8AC344723069FB5C0063CAB6 /* SecurityAuditManager.swift */ = {isa = PBXFileReference; lastKnownFileType = sourcecode.swift; path = SecurityAuditManager.swift; sourceTree = "<group>"; };
		8AC344743069FDA50063CAB6 /* PlatformExtensions.swift */ = {isa = PBXFileReference; lastKnownFileType = sourcecode.swift; path = PlatformExtensions.swift; sourceTree = "<group>"; };
/* End PBXFileReference section */

/* Begin PBXFileSystemSynchronizedRootGroup section */
		8AB397E2305871E30073FD23 /* MeetXcode */ = {
			isa = PBXFileSystemSynchronizedRootGroup;
			path = MeetXcode;
			sourceTree = "<group>";
		};
/* End PBXFileSystemSynchronizedRootGroup section */

/* Begin PBXFrameworksBuildPhase section */
		8AB397DD305871E30073FD23 /* Frameworks */ = {
			isa = PBXFrameworksBuildPhase;
			files = (
			);
		};
/* End PBXFrameworksBuildPhase section */

/* Begin PBXGroup section */
		8AB397D7305871E30073FD23 = {
			isa = PBXGroup;
			children = (
				8AB397E2305871E30073FD23 /* MeetXcode */,
				8AB397E1305871E30073FD23 /* Products */,
				8A7962183059C073005204C8 /* MyPlayground.playground */,
				8AC344623069CF440063CAB6 /* PrivacyDetector.swift */,
				8AC344643069D0F20063CAB6 /* SensitiveDataDetector.swift */,
				8AC344663069D3500063CAB6 /* RedactionEngine.swift */,
				8AC344683069D3670063CAB6 /* ExportManager.swift */,
				8AC3446A3069D5A40063CAB6 /* ManualCanvasView.swift */,
				8AC3446C3069F2CC0063CAB6 /* ShareExtensionHandler.swift */,
				8AC3446E3069F93C0063CAB6 /* AppLanguage.swift */,
				8AC344703069F9D30063CAB6 /* HighResolutionManager.swift */,
				8AC344723069FB5C0063CAB6 /* SecurityAuditManager.swift */,
				8AC344743069FDA50063CAB6 /* PlatformExtensions.swift */,
			);
			sourceTree = "<group>";
		};
		8AB397E1305871E30073FD23 /* Products */ = {
			isa = PBXGroup;
			children = (
				8AB397E0305871E30073FD23 /* PrivaLock.app */,
			);
			name = Products;
			sourceTree = "<group>";
		};
/* End PBXGroup section */

/* Begin PBXNativeTarget section */
		8AB397DF305871E30073FD23 /* MeetXcode */ = {
			isa = PBXNativeTarget;
			buildConfigurationList = 8AB397EB305871E40073FD23 /* Build configuration list for PBXNativeTarget "MeetXcode" */;
			buildPhases = (
				8AB397DC305871E30073FD23 /* Sources */,
				8AB397DD305871E30073FD23 /* Frameworks */,
				8AB397DE305871E30073FD23 /* Resources */,
			);
			buildRules = (
			);
			fileSystemSynchronizedGroups = (
				8AB397E2305871E30073FD23 /* MeetXcode */,
			);
			name = MeetXcode;
			productName = MeetXcode;
			productReference = 8AB397E0305871E30073FD23 /* PrivaLock.app */;
			productType = "com.apple.product-type.application";
		};
/* End PBXNativeTarget section */

/* Begin PBXProject section */
		8AB397D8305871E30073FD23 /* Project object */ = {
			isa = PBXProject;
			attributes = {
				BuildIndependentTargetsInParallel = 1;
				LastSwiftUpdateCheck = 2700;
				LastUpgradeCheck = 2700;
				TargetAttributes = {
					8AB397DF305871E30073FD23 = {
						CreatedOnToolsVersion = 27.0;
					};
				};
			};
			buildConfigurationList = 8AB397DB305871E30073FD23 /* Build configuration list for PBXProject "MeetXcode" */;
			developmentRegion = en;
			hasScannedForEncodings = 0;
			knownRegions = (
				en,
				Base,
			);
			mainGroup = 8AB397D7305871E30073FD23;
			minimizedProjectReferenceProxies = 1;
			preferredProjectObjectVersion = 77;
			productRefGroup = 8AB397E1305871E30073FD23 /* Products */;
			projectDirPath = "";
			projectRoot = "";
			targets = (
				8AB397DF305871E30073FD23 /* MeetXcode */,
			);
		};
/* End PBXProject section */

/* Begin PBXResourcesBuildPhase section */
		8AB397DE305871E30073FD23 /* Resources */ = {
			isa = PBXResourcesBuildPhase;
			files = (
			);
		};
/* End PBXResourcesBuildPhase section */

/* Begin PBXSourcesBuildPhase section */
		8AB397DC305871E30073FD23 /* Sources */ = {
			isa = PBXSourcesBuildPhase;
			files = (
				8AC344653069D0F20063CAB6 /* SensitiveDataDetector.swift in Sources */,
				8AC344633069CF440063CAB6 /* PrivacyDetector.swift in Sources */,
				8AC344673069D3500063CAB6 /* RedactionEngine.swift in Sources */,
				8AC344753069FDA50063CAB6 /* PlatformExtensions.swift in Sources */,
				8AC3446D3069F2CC0063CAB6 /* ShareExtensionHandler.swift in Sources */,
				8AC344713069F9D30063CAB6 /* HighResolutionManager.swift in Sources */,
				8AC344733069FB5C0063CAB6 /* SecurityAuditManager.swift in Sources */,
				8AC344693069D3670063CAB6 /* ExportManager.swift in Sources */,
				8AC3446F3069F93C0063CAB6 /* AppLanguage.swift in Sources */,
				8AC3446B3069D5A40063CAB6 /* ManualCanvasView.swift in Sources */,
			);
		};
/* End PBXSourcesBuildPhase section */

/* Begin XCBuildConfiguration section */
		8AB397E9305871E40073FD23 /* Debug configuration for PBXProject "MeetXcode" */ = {
			isa = XCBuildConfiguration;
			buildSettings = {
				ALWAYS_SEARCH_USER_PATHS = NO;
				ASSETCATALOG_COMPILER_GENERATE_SWIFT_ASSET_SYMBOL_EXTENSIONS = YES;
				CLANG_ANALYZER_NONNULL = YES;
				CLANG_ANALYZER_NUMBER_OBJECT_CONVERSION = YES_AGGRESSIVE;
				CLANG_CXX_LANGUAGE_STANDARD = "gnu++20";
				CLANG_ENABLE_MODULES = YES;
				CLANG_ENABLE_OBJC_ARC = YES;
				CLANG_ENABLE_OBJC_WEAK = YES;
				CLANG_WARN_BLOCK_CAPTURE_AUTORELEASING = YES;
				CLANG_WARN_BOOL_CONVERSION = YES;
				CLANG_WARN_COMMA = YES;
				CLANG_WARN_CONSTANT_CONVERSION = YES;
				CLANG_WARN_DEPRECATED_OBJC_IMPLEMENTATIONS = YES;
				CLANG_WARN_DIRECT_OBJC_ISA_USAGE = YES_ERROR;
				CLANG_WARN_DOCUMENTATION_COMMENTS = YES;
				CLANG_WARN_EMPTY_BODY = YES;
				CLANG_WARN_ENUM_CONVERSION = YES;
				CLANG_WARN_INFINITE_RECURSION = YES;
				CLANG_WARN_INT_CONVERSION = YES;
				CLANG_WARN_NON_LITERAL_NULL_CONVERSION = YES;
				CLANG_WARN_OBJC_IMPLICIT_RETAIN_SELF = YES;
				CLANG_WARN_OBJC_LITERAL_CONVERSION = YES;
				CLANG_WARN_OBJC_ROOT_CLASS = YES_ERROR;
				CLANG_WARN_QUOTED_INCLUDE_IN_FRAMEWORK_HEADER = YES;
				CLANG_WARN_RANGE_LOOP_ANALYSIS = YES;
				CLANG_WARN_STRICT_PROTOTYPES = YES;
				CLANG_WARN_SUSPICIOUS_MOVE = YES;
				CLANG_WARN_UNGUARDED_AVAILABILITY = YES_AGGRESSIVE;
				CLANG_WARN_UNREACHABLE_CODE = YES;
				CLANG_WARN__DUPLICATE_METHOD_MATCH = YES;
				COPY_PHASE_STRIP = NO;
				DEBUG_INFORMATION_FORMAT = dwarf;
				DEVELOPMENT_TEAM = P96GL6JSSC;
				ENABLE_STRICT_OBJC_MSGSEND = YES;
				ENABLE_TESTABILITY = YES;
				ENABLE_USER_SCRIPT_SANDBOXING = YES;
				GCC_C_LANGUAGE_STANDARD = gnu17;
				GCC_DYNAMIC_NO_PIC = NO;
				GCC_NO_COMMON_BLOCKS = YES;
				GCC_OPTIMIZATION_LEVEL = 0;
				GCC_PREPROCESSOR_DEFINITIONS = (
					"DEBUG=1",
					"$(inherited)",
				);
				GCC_WARN_64_TO_32_BIT_CONVERSION = YES;
				GCC_WARN_ABOUT_RETURN_TYPE = YES_ERROR;
				GCC_WARN_UNDECLARED_SELECTOR = YES;
				GCC_WARN_UNINITIALIZED_AUTOS = YES_AGGRESSIVE;
				GCC_WARN_UNUSED_FUNCTION = YES;
				GCC_WARN_UNUSED_VARIABLE = YES;
				LOCALIZATION_PREFERS_STRING_CATALOGS = YES;
				MACOSX_DEPLOYMENT_TARGET = 27.0;
				MTL_ENABLE_DEBUG_INFO = INCLUDE_SOURCE;
				MTL_FAST_MATH = YES;
				ONLY_ACTIVE_ARCH = YES;
				SDKROOT = macosx;
				SWIFT_ACTIVE_COMPILATION_CONDITIONS = "DEBUG $(inherited)";
				SWIFT_OPTIMIZATION_LEVEL = "-Onone";
			};
			name = Debug;
		};
		8AB397EA305871E40073FD23 /* Release configuration for PBXProject "MeetXcode" */ = {
			isa = XCBuildConfiguration;
			buildSettings = {
				ALWAYS_SEARCH_USER_PATHS = NO;
				ASSETCATALOG_COMPILER_GENERATE_SWIFT_ASSET_SYMBOL_EXTENSIONS = YES;
				CLANG_ANALYZER_NONNULL = YES;
				CLANG_ANALYZER_NUMBER_OBJECT_CONVERSION = YES_AGGRESSIVE;
				CLANG_CXX_LANGUAGE_STANDARD = "gnu++20";
				CLANG_ENABLE_MODULES = YES;
				CLANG_ENABLE_OBJC_ARC = YES;
				CLANG_ENABLE_OBJC_WEAK = YES;
				CLANG_WARN_BLOCK_CAPTURE_AUTORELEASING = YES;
				CLANG_WARN_BOOL_CONVERSION = YES;
				CLANG_WARN_COMMA = YES;
				CLANG_WARN_CONSTANT_CONVERSION = YES;
				CLANG_WARN_DEPRECATED_OBJC_IMPLEMENTATIONS = YES;
				CLANG_WARN_DIRECT_OBJC_ISA_USAGE = YES_ERROR;
				CLANG_WARN_DOCUMENTATION_COMMENTS = YES;
				CLANG_WARN_EMPTY_BODY = YES;
				CLANG_WARN_ENUM_CONVERSION = YES;
				CLANG_WARN_INFINITE_RECURSION = YES;
				CLANG_WARN_INT_CONVERSION = YES;
				CLANG_WARN_NON_LITERAL_NULL_CONVERSION = YES;
				CLANG_WARN_OBJC_IMPLICIT_RETAIN_SELF = YES;
				CLANG_WARN_OBJC_LITERAL_CONVERSION = YES;
				CLANG_WARN_OBJC_ROOT_CLASS = YES_ERROR;
				CLANG_WARN_QUOTED_INCLUDE_IN_FRAMEWORK_HEADER = YES;
				CLANG_WARN_RANGE_LOOP_ANALYSIS = YES;
				CLANG_WARN_STRICT_PROTOTYPES = YES;
				CLANG_WARN_SUSPICIOUS_MOVE = YES;
				CLANG_WARN_UNGUARDED_AVAILABILITY = YES_AGGRESSIVE;
				CLANG_WARN_UNREACHABLE_CODE = YES;
				CLANG_WARN__DUPLICATE_METHOD_MATCH = YES;
				COPY_PHASE_STRIP = NO;
				DEBUG_INFORMATION_FORMAT = "dwarf-with-dsym";
				DEVELOPMENT_TEAM = P96GL6JSSC;
				ENABLE_NS_ASSERTIONS = NO;
				ENABLE_STRICT_OBJC_MSGSEND = YES;
				ENABLE_USER_SCRIPT_SANDBOXING = YES;
				GCC_C_LANGUAGE_STANDARD = gnu17;
				GCC_NO_COMMON_BLOCKS = YES;
				GCC_WARN_64_TO_32_BIT_CONVERSION = YES;
				GCC_WARN_ABOUT_RETURN_TYPE = YES_ERROR;
				GCC_WARN_UNDECLARED_SELECTOR = YES;
				GCC_WARN_UNINITIALIZED_AUTOS = YES_AGGRESSIVE;
				GCC_WARN_UNUSED_FUNCTION = YES;
				GCC_WARN_UNUSED_VARIABLE = YES;
				LOCALIZATION_PREFERS_STRING_CATALOGS = YES;
				MACOSX_DEPLOYMENT_TARGET = 27.0;
				MTL_ENABLE_DEBUG_INFO = NO;
				MTL_FAST_MATH = YES;
				SDKROOT = macosx;
				SWIFT_COMPILATION_MODE = wholemodule;
			};
			name = Release;
		};
		8AB397EC305871E40073FD23 /* Debug configuration for PBXNativeTarget "MeetXcode" */ = {
			isa = XCBuildConfiguration;
			buildSettings = {
				ASSETCATALOG_COMPILER_APPICON_NAME = AppIcon;
				ASSETCATALOG_COMPILER_GLOBAL_ACCENT_COLOR_NAME = AccentColor;
				CODE_SIGN_STYLE = Automatic;
				COMBINE_HIDPI_IMAGES = YES;
				CURRENT_PROJECT_VERSION = 1;
				DEVELOPMENT_TEAM = P96GL6JSSC;
				ENABLE_APP_SANDBOX = YES;
				ENABLE_FILE_ACCESS_DOWNLOADS_FOLDER = readwrite;
				ENABLE_FILE_ACCESS_PICTURE_FOLDER = readwrite;
				ENABLE_HARDENED_RUNTIME = YES;
				ENABLE_INCOMING_NETWORK_CONNECTIONS = NO;
				ENABLE_OUTGOING_NETWORK_CONNECTIONS = NO;
				ENABLE_PREVIEWS = YES;
				ENABLE_RESOURCE_ACCESS_AUDIO_INPUT = NO;
				ENABLE_RESOURCE_ACCESS_BLUETOOTH = NO;
				ENABLE_RESOURCE_ACCESS_CALENDARS = NO;
				ENABLE_RESOURCE_ACCESS_CAMERA = NO;
				ENABLE_RESOURCE_ACCESS_CONTACTS = NO;
				ENABLE_RESOURCE_ACCESS_LOCATION = NO;
				ENABLE_RESOURCE_ACCESS_PRINTING = NO;
				ENABLE_RESOURCE_ACCESS_USB = NO;
				ENABLE_USER_SELECTED_FILES = readwrite;
				GENERATE_INFOPLIST_FILE = YES;
				INFOPLIST_KEY_CFBundleDisplayName = PrivaLock;
				INFOPLIST_KEY_LSApplicationCategoryType = "public.app-category.navigation";
				INFOPLIST_KEY_NSHumanReadableCopyright = "";
				INFOPLIST_KEY_NSPhotoLibraryAddUsageDescription = "PrivaLock requiere permiso para guardar en tu fototeca la versión final de la imagen con la información sensible oculta.";
				INFOPLIST_KEY_NSPhotoLibraryUsageDescription = "PrivaLock requiere acceso a tu fototeca para permitirte seleccionar las fotos y capturas que deseas proteger.";
				IPHONEOS_DEPLOYMENT_TARGET = 17.0;
				LD_RUNPATH_SEARCH_PATHS = (
					"$(inherited)",
					"@executable_path/../Frameworks",
				);
				MARKETING_VERSION = 1.0;
				PRODUCT_BUNDLE_IDENTIFIER = com.miltonfigueredo.MeetXcode;
				PRODUCT_NAME = PrivaLock;
				REGISTER_APP_GROUPS = YES;
				SDKROOT = auto;
				STRING_CATALOG_GENERATE_SYMBOLS = YES;
				SUPPORTED_PLATFORMS = "iphoneos iphonesimulator macosx";
				SWIFT_APPROACHABLE_CONCURRENCY = YES;
				SWIFT_DEFAULT_ACTOR_ISOLATION = MainActor;
				SWIFT_EMIT_LOC_STRINGS = YES;
				SWIFT_UPCOMING_FEATURE_MEMBER_IMPORT_VISIBILITY = YES;
				SWIFT_VERSION = 5.0;
				TARGETED_DEVICE_FAMILY = "1,2";
			};
			name = Debug;
		};
		8AB397ED305871E40073FD23 /* Release configuration for PBXNativeTarget "MeetXcode" */ = {
			isa = XCBuildConfiguration;
			buildSettings = {
				ASSETCATALOG_COMPILER_APPICON_NAME = AppIcon;
				ASSETCATALOG_COMPILER_GLOBAL_ACCENT_COLOR_NAME = AccentColor;
				CODE_SIGN_STYLE = Automatic;
				COMBINE_HIDPI_IMAGES = YES;
				CURRENT_PROJECT_VERSION = 1;
				DEVELOPMENT_TEAM = P96GL6JSSC;
				ENABLE_APP_SANDBOX = YES;
				ENABLE_FILE_ACCESS_DOWNLOADS_FOLDER = readwrite;
				ENABLE_FILE_ACCESS_PICTURE_FOLDER = readwrite;
				ENABLE_HARDENED_RUNTIME = YES;
				ENABLE_INCOMING_NETWORK_CONNECTIONS = NO;
				ENABLE_OUTGOING_NETWORK_CONNECTIONS = NO;
				ENABLE_PREVIEWS = YES;
				ENABLE_RESOURCE_ACCESS_AUDIO_INPUT = NO;
				ENABLE_RESOURCE_ACCESS_BLUETOOTH = NO;
				ENABLE_RESOURCE_ACCESS_CALENDARS = NO;
				ENABLE_RESOURCE_ACCESS_CAMERA = NO;
				ENABLE_RESOURCE_ACCESS_CONTACTS = NO;
				ENABLE_RESOURCE_ACCESS_LOCATION = NO;
				ENABLE_RESOURCE_ACCESS_PRINTING = NO;
				ENABLE_RESOURCE_ACCESS_USB = NO;
				ENABLE_USER_SELECTED_FILES = readwrite;
				GENERATE_INFOPLIST_FILE = YES;
				INFOPLIST_KEY_CFBundleDisplayName = PrivaLock;
				INFOPLIST_KEY_LSApplicationCategoryType = "public.app-category.navigation";
				INFOPLIST_KEY_NSHumanReadableCopyright = "";
				INFOPLIST_KEY_NSPhotoLibraryAddUsageDescription = "PrivaLock requiere permiso para guardar en tu fototeca la versión final de la imagen con la información sensible oculta.";
				INFOPLIST_KEY_NSPhotoLibraryUsageDescription = "PrivaLock requiere acceso a tu fototeca para permitirte seleccionar las fotos y capturas que deseas proteger.";
				IPHONEOS_DEPLOYMENT_TARGET = 17.0;
				LD_RUNPATH_SEARCH_PATHS = (
					"$(inherited)",
					"@executable_path/../Frameworks",
				);
				MARKETING_VERSION = 1.0;
				PRODUCT_BUNDLE_IDENTIFIER = com.miltonfigueredo.MeetXcode;
				PRODUCT_NAME = PrivaLock;
				REGISTER_APP_GROUPS = YES;
				SDKROOT = auto;
				STRING_CATALOG_GENERATE_SYMBOLS = YES;
				SUPPORTED_PLATFORMS = "iphoneos iphonesimulator macosx";
				SWIFT_APPROACHABLE_CONCURRENCY = YES;
				SWIFT_DEFAULT_ACTOR_ISOLATION = MainActor;
				SWIFT_EMIT_LOC_STRINGS = YES;
				SWIFT_UPCOMING_FEATURE_MEMBER_IMPORT_VISIBILITY = YES;
				SWIFT_VERSION = 5.0;
				TARGETED_DEVICE_FAMILY = "1,2";
			};
			name = Release;
		};
/* End XCBuildConfiguration section */

/* Begin XCConfigurationList section */
		8AB397DB305871E30073FD23 /* Build configuration list for PBXProject "MeetXcode" */ = {
			isa = XCConfigurationList;
			buildConfigurations = (
				8AB397E9305871E40073FD23 /* Debug configuration for PBXProject "MeetXcode" */,
				8AB397EA305871E40073FD23 /* Release configuration for PBXProject "MeetXcode" */,
			);
			defaultConfigurationName = Release;
		};
		8AB397EB305871E40073FD23 /* Build configuration list for PBXNativeTarget "MeetXcode" */ = {
			isa = XCConfigurationList;
			buildConfigurations = (
				8AB397EC305871E40073FD23 /* Debug configuration for PBXNativeTarget "MeetXcode" */,
				8AB397ED305871E40073FD23 /* Release configuration for PBXNativeTarget "MeetXcode" */,
			);
			defaultConfigurationName = Release;
		};
/* End XCConfigurationList section */
	};
	rootObject = 8AB397D8305871E30073FD23 /* Project object */;
	validationLevel = 1;
}
